
Microsoft Visual Studio Solution File, Format Version 12.00
# Visual Studio Version 17
VisualStudioVersion = 17.7.34202.233
MinimumVisualStudioVersion = 10.0.40219.1
Project("{FAE04EC0-301F-11D3-BF4B-00C04F79EFBC}") = "Payments-Itiel", "Payments-Itiel\Payments-Itiel.csproj", "{78DBAD1D-6D43-482C-82EA-80D1DCB103AA}"
EndProject
Global
	GlobalSection(SolutionConfigurationPlatforms) = preSolution
		Debug|Any CPU = Debug|Any CPU
		Release|Any CPU = Release|Any CPU
	EndGlobalSection
	GlobalSection(ProjectConfigurationPlatforms) = postSolution
		{78DBAD1D-6D43-482C-82EA-80D1DCB103AA}.Debug|Any CPU.ActiveCfg = Debug|Any CPU
		{78DBAD1D-6D43-482C-82EA-80D1DCB103AA}.Debug|Any CPU.Build.0 = Debug|Any CPU
		{78DBAD1D-6D43-482C-82EA-80D1DCB103AA}.Release|Any CPU.ActiveCfg = Release|Any CPU
		{78DBAD1D-6D43-482C-82EA-80D1DCB103AA}.Release|Any CPU.Build.0 = Release|Any CPU
	EndGlobalSection
	GlobalSection(SolutionProperties) = preSolution
		HideSolutionNode = FALSE
	EndGlobalSection
	GlobalSection(ExtensibilityGlobals) = postSolution
		SolutionGuid = {8710B647-F59C-47FD-86B6-C5D0F9D52526}
	EndGlobalSection
EndGlobal
